
Microsoft Visual Studio Solution File, Format Version 12.00
# Visual Studio Version 17
VisualStudioVersion = 17.0.31903.59
MinimumVisualStudioVersion = 10.0.40219.1
Project("{FAE04EC0-301F-11D3-BF4B-00C04F79EFBC}") = "mark.davison.engine.core.abstractions", "mark.davison.engine.core.abstractions\mark.davison.engine.core.abstractions.csproj", "{3E893CD2-1AB6-42EA-82B8-CCD8902155CD}"
EndProject
Global
	GlobalSection(SolutionConfigurationPlatforms) = preSolution
		Debug|Any CPU = Debug|Any CPU
		Release|Any CPU = Release|Any CPU
	EndGlobalSection
	GlobalSection(ProjectConfigurationPlatforms) = postSolution
		{3E893CD2-1AB6-42EA-82B8-CCD8902155CD}.Debug|Any CPU.ActiveCfg = Debug|Any CPU
		{3E893CD2-1AB6-42EA-82B8-CCD8902155CD}.Debug|Any CPU.Build.0 = Debug|Any CPU
		{3E893CD2-1AB6-42EA-82B8-CCD8902155CD}.Release|Any CPU.ActiveCfg = Release|Any CPU
		{3E893CD2-1AB6-42EA-82B8-CCD8902155CD}.Release|Any CPU.Build.0 = Release|Any CPU
	EndGlobalSection
	GlobalSection(SolutionProperties) = preSolution
		HideSolutionNode = FALSE
	EndGlobalSection
EndGlobal
