
Microsoft Visual Studio Solution File, Format Version 12.00
# Visual Studio Version 17
VisualStudioVersion = 17.0.31903.59
MinimumVisualStudioVersion = 10.0.40219.1
Project("{9A19103F-16F7-4668-BE54-9A1E7A4F7556}") = "mark.davison.engine.core.abstractions", "mark.davison.engine.core.abstractions\mark.davison.engine.core.abstractions.csproj", "{3E893CD2-1AB6-42EA-82B8-CCD8902155CD}"
EndProject
Project("{9A19103F-16F7-4668-BE54-9A1E7A4F7556}") = "mark.davison.engine.input.abstractions", "mark.davison.engine.input.abstractions\mark.davison.engine.input.abstractions.csproj", "{87B438AA-2223-48EC-BB3C-035A798168F7}"
EndProject
Project("{9A19103F-16F7-4668-BE54-9A1E7A4F7556}") = "mark.davison.engine.game", "mark.davison.engine.game\mark.davison.engine.game.csproj", "{0B0FE824-BBB0-4DF2-BE40-879C05037C96}"
EndProject
Project("{2150E333-8FDC-42A3-9474-1A3956D46DE8}") = "Raylib", "Raylib", "{D9E9299D-DD1F-4D6C-883E-4059BA45BB53}"
EndProject
Project("{9A19103F-16F7-4668-BE54-9A1E7A4F7556}") = "mark.davison.engine.renderer.abstractions", "mark.davison.engine.renderer.abstractions\mark.davison.engine.renderer.abstractions.csproj", "{5D79B5A7-C316-4DAC-8CEF-D2D35EF6DB9D}"
EndProject
Project("{9A19103F-16F7-4668-BE54-9A1E7A4F7556}") = "mark.davison.engine.renderer.raylib", "Raylib\mark.davison.engine.renderer.raylib\mark.davison.engine.renderer.raylib.csproj", "{30405FBE-95DA-4160-B78B-719A5ED36B04}"
EndProject
Project("{9A19103F-16F7-4668-BE54-9A1E7A4F7556}") = "mark.davison.engine.core.raylib", "Raylib\mark.davison.engine.core.raylib\mark.davison.engine.core.raylib.csproj", "{8411D63F-B74A-4BE7-8101-51647823D788}"
EndProject
Project("{9A19103F-16F7-4668-BE54-9A1E7A4F7556}") = "mark.davison.engine.input.raylib", "Raylib\mark.davison.engine.input.raylib\mark.davison.engine.input.raylib.csproj", "{387DF3B3-851C-4A5D-8266-2B572517D3ED}"
EndProject
Project("{2150E333-8FDC-42A3-9474-1A3956D46DE8}") = "Examples", "Examples", "{25093815-A02C-44CB-AA9C-71284A409EC7}"
EndProject
Project("{9A19103F-16F7-4668-BE54-9A1E7A4F7556}") = "mark.davison.engine.examples.raylib", "Examples\mark.davison.engine.examples.raylib\mark.davison.engine.examples.raylib.csproj", "{32513C90-EF8E-410F-BA31-557CF0084EAF}"
EndProject
Project("{9A19103F-16F7-4668-BE54-9A1E7A4F7556}") = "mark.davison.engine.examples.common", "Examples\mark.davison.engine.examples.common\mark.davison.engine.examples.common.csproj", "{4C673833-AE7C-4BFB-8C8E-AF4AD5372EEF}"
EndProject
Project("{2150E333-8FDC-42A3-9474-1A3956D46DE8}") = "Resources", "Resources", "{BC5EC3B8-DBCE-4A27-A7FF-92108AA57D16}"
EndProject
Project("{2150E333-8FDC-42A3-9474-1A3956D46DE8}") = "Textures", "Textures", "{04B244B4-C6E3-47B9-8665-318D50EA404D}"
	ProjectSection(SolutionItems) = preProject
		..\resources\textures\spritesheet.png = ..\resources\textures\spritesheet.png
	EndProjectSection
EndProject
Project("{2150E333-8FDC-42A3-9474-1A3956D46DE8}") = "Tests", "Tests", "{F27AD474-CE9A-4064-A318-DFD155FB18AD}"
EndProject
Project("{9A19103F-16F7-4668-BE54-9A1E7A4F7556}") = "mark.davison.engine.game.tests", "Tests\mark.davison.engine.game.tests\mark.davison.engine.game.tests.csproj", "{D7EC1DE3-0328-494D-AB26-BC5DC6BA3988}"
EndProject
Project("{9A19103F-16F7-4668-BE54-9A1E7A4F7556}") = "mark.davison.engine.common", "mark.davison.engine.common\mark.davison.engine.common.csproj", "{9D95DBD6-DE52-4FB0-A50A-51CF97B5BFFF}"
EndProject
Project("{2150E333-8FDC-42A3-9474-1A3956D46DE8}") = "Fonts", "Fonts", "{564063F5-BC2C-402A-8CD4-4286492DB0C4}"
	ProjectSection(SolutionItems) = preProject
		..\resources\fonts\kenvector_future.ttf = ..\resources\fonts\kenvector_future.ttf
		..\resources\fonts\kenvector_future_thin.ttf = ..\resources\fonts\kenvector_future_thin.ttf
	EndProjectSection
EndProject
Project("{2150E333-8FDC-42A3-9474-1A3956D46DE8}") = "Sounds", "Sounds", "{DA20A93A-9F89-4B1B-960B-2F2AEC35BD23}"
	ProjectSection(SolutionItems) = preProject
		..\resources\sounds\sfx_laser1.ogg = ..\resources\sounds\sfx_laser1.ogg
		..\resources\sounds\sfx_laser2.ogg = ..\resources\sounds\sfx_laser2.ogg
		..\resources\sounds\sfx_lose.ogg = ..\resources\sounds\sfx_lose.ogg
		..\resources\sounds\sfx_shieldDown.ogg = ..\resources\sounds\sfx_shieldDown.ogg
		..\resources\sounds\sfx_shieldUp.ogg = ..\resources\sounds\sfx_shieldUp.ogg
		..\resources\sounds\sfx_twoTone.ogg = ..\resources\sounds\sfx_twoTone.ogg
		..\resources\sounds\sfx_zap.ogg = ..\resources\sounds\sfx_zap.ogg
	EndProjectSection
EndProject
Project("{2150E333-8FDC-42A3-9474-1A3956D46DE8}") = "Spritesheets", "Spritesheets", "{C6C95A41-7BBE-4419-9D5B-E65D3855C263}"
	ProjectSection(SolutionItems) = preProject
		..\resources\textures\space-shooter\sheet.png = ..\resources\textures\space-shooter\sheet.png
		..\resources\textures\space-shooter\sheet.xml = ..\resources\textures\space-shooter\sheet.xml
	EndProjectSection
EndProject
Project("{2150E333-8FDC-42A3-9474-1A3956D46DE8}") = "backgrounds", "backgrounds", "{1E110B8E-8E5C-4023-8841-DE89AA51AF80}"
	ProjectSection(SolutionItems) = preProject
		..\resources\textures\backgrounds\black.png = ..\resources\textures\backgrounds\black.png
		..\resources\textures\backgrounds\blue.png = ..\resources\textures\backgrounds\blue.png
		..\resources\textures\backgrounds\darkPurple.png = ..\resources\textures\backgrounds\darkPurple.png
		..\resources\textures\backgrounds\purple.png = ..\resources\textures\backgrounds\purple.png
	EndProjectSection
EndProject
Project("{2150E333-8FDC-42A3-9474-1A3956D46DE8}") = "Models", "Models", "{B3CA1C78-61B0-4760-853B-AD9F3AD08E06}"
	ProjectSection(SolutionItems) = preProject
		..\resources\models\alien.mtl = ..\resources\models\alien.mtl
		..\resources\models\alien.obj = ..\resources\models\alien.obj
		..\resources\models\arrow-basic.mtl = ..\resources\models\arrow-basic.mtl
		..\resources\models\arrow-basic.obj = ..\resources\models\arrow-basic.obj
		..\resources\models\arrow.mtl = ..\resources\models\arrow.mtl
		..\resources\models\arrow.obj = ..\resources\models\arrow.obj
		..\resources\models\astronautA.mtl = ..\resources\models\astronautA.mtl
		..\resources\models\astronautA.obj = ..\resources\models\astronautA.obj
		..\resources\models\astronautB.mtl = ..\resources\models\astronautB.mtl
		..\resources\models\astronautB.obj = ..\resources\models\astronautB.obj
		..\resources\models\barrel.mtl = ..\resources\models\barrel.mtl
		..\resources\models\barrel.obj = ..\resources\models\barrel.obj
		..\resources\models\barrels.mtl = ..\resources\models\barrels.mtl
		..\resources\models\barrels.obj = ..\resources\models\barrels.obj
		..\resources\models\barrels_rail.mtl = ..\resources\models\barrels_rail.mtl
		..\resources\models\barrels_rail.obj = ..\resources\models\barrels_rail.obj
		..\resources\models\bones.mtl = ..\resources\models\bones.mtl
		..\resources\models\bones.obj = ..\resources\models\bones.obj
		..\resources\models\box-large.mtl = ..\resources\models\box-large.mtl
		..\resources\models\box-large.obj = ..\resources\models\box-large.obj
		..\resources\models\box-long.mtl = ..\resources\models\box-long.mtl
		..\resources\models\box-long.obj = ..\resources\models\box-long.obj
		..\resources\models\box-small.mtl = ..\resources\models\box-small.mtl
		..\resources\models\box-small.obj = ..\resources\models\box-small.obj
		..\resources\models\box-wide.mtl = ..\resources\models\box-wide.mtl
		..\resources\models\box-wide.obj = ..\resources\models\box-wide.obj
		..\resources\models\chimney.mtl = ..\resources\models\chimney.mtl
		..\resources\models\chimney.obj = ..\resources\models\chimney.obj
		..\resources\models\chimney_detailed.mtl = ..\resources\models\chimney_detailed.mtl
		..\resources\models\chimney_detailed.obj = ..\resources\models\chimney_detailed.obj
		..\resources\models\conveyor-bars-fence.mtl = ..\resources\models\conveyor-bars-fence.mtl
		..\resources\models\conveyor-bars-fence.obj = ..\resources\models\conveyor-bars-fence.obj
		..\resources\models\conveyor-bars-high.mtl = ..\resources\models\conveyor-bars-high.mtl
		..\resources\models\conveyor-bars-high.obj = ..\resources\models\conveyor-bars-high.obj
		..\resources\models\conveyor-bars-sides.mtl = ..\resources\models\conveyor-bars-sides.mtl
		..\resources\models\conveyor-bars-sides.obj = ..\resources\models\conveyor-bars-sides.obj
		..\resources\models\conveyor-bars-stripe-fence.mtl = ..\resources\models\conveyor-bars-stripe-fence.mtl
		..\resources\models\conveyor-bars-stripe-fence.obj = ..\resources\models\conveyor-bars-stripe-fence.obj
		..\resources\models\conveyor-bars-stripe-high.mtl = ..\resources\models\conveyor-bars-stripe-high.mtl
		..\resources\models\conveyor-bars-stripe-high.obj = ..\resources\models\conveyor-bars-stripe-high.obj
		..\resources\models\conveyor-bars-stripe-side.mtl = ..\resources\models\conveyor-bars-stripe-side.mtl
		..\resources\models\conveyor-bars-stripe-side.obj = ..\resources\models\conveyor-bars-stripe-side.obj
		..\resources\models\conveyor-bars-stripe.mtl = ..\resources\models\conveyor-bars-stripe.mtl
		..\resources\models\conveyor-bars-stripe.obj = ..\resources\models\conveyor-bars-stripe.obj
		..\resources\models\conveyor-bars.mtl = ..\resources\models\conveyor-bars.mtl
		..\resources\models\conveyor-bars.obj = ..\resources\models\conveyor-bars.obj
		..\resources\models\conveyor-long-sides.mtl = ..\resources\models\conveyor-long-sides.mtl
		..\resources\models\conveyor-long-sides.obj = ..\resources\models\conveyor-long-sides.obj
		..\resources\models\conveyor-long-stripe-sides.mtl = ..\resources\models\conveyor-long-stripe-sides.mtl
		..\resources\models\conveyor-long-stripe-sides.obj = ..\resources\models\conveyor-long-stripe-sides.obj
		..\resources\models\conveyor-long-stripe.mtl = ..\resources\models\conveyor-long-stripe.mtl
		..\resources\models\conveyor-long-stripe.obj = ..\resources\models\conveyor-long-stripe.obj
		..\resources\models\conveyor-long.mtl = ..\resources\models\conveyor-long.mtl
		..\resources\models\conveyor-long.obj = ..\resources\models\conveyor-long.obj
		..\resources\models\conveyor-sides.mtl = ..\resources\models\conveyor-sides.mtl
		..\resources\models\conveyor-sides.obj = ..\resources\models\conveyor-sides.obj
		..\resources\models\conveyor-stripe-sides.mtl = ..\resources\models\conveyor-stripe-sides.mtl
		..\resources\models\conveyor-stripe-sides.obj = ..\resources\models\conveyor-stripe-sides.obj
		..\resources\models\conveyor-stripe.mtl = ..\resources\models\conveyor-stripe.mtl
		..\resources\models\conveyor-stripe.obj = ..\resources\models\conveyor-stripe.obj
		..\resources\models\conveyor.mtl = ..\resources\models\conveyor.mtl
		..\resources\models\conveyor.obj = ..\resources\models\conveyor.obj
		..\resources\models\corridor.mtl = ..\resources\models\corridor.mtl
		..\resources\models\corridor.obj = ..\resources\models\corridor.obj
		..\resources\models\corridor_corner.mtl = ..\resources\models\corridor_corner.mtl
		..\resources\models\corridor_corner.obj = ..\resources\models\corridor_corner.obj
		..\resources\models\corridor_cornerRound.mtl = ..\resources\models\corridor_cornerRound.mtl
		..\resources\models\corridor_cornerRound.obj = ..\resources\models\corridor_cornerRound.obj
		..\resources\models\corridor_cornerRoundWindow.mtl = ..\resources\models\corridor_cornerRoundWindow.mtl
		..\resources\models\corridor_cornerRoundWindow.obj = ..\resources\models\corridor_cornerRoundWindow.obj
		..\resources\models\corridor_cross.mtl = ..\resources\models\corridor_cross.mtl
		..\resources\models\corridor_cross.obj = ..\resources\models\corridor_cross.obj
		..\resources\models\corridor_detailed.mtl = ..\resources\models\corridor_detailed.mtl
		..\resources\models\corridor_detailed.obj = ..\resources\models\corridor_detailed.obj
		..\resources\models\corridor_end.mtl = ..\resources\models\corridor_end.mtl
		..\resources\models\corridor_end.obj = ..\resources\models\corridor_end.obj
		..\resources\models\corridor_open.mtl = ..\resources\models\corridor_open.mtl
		..\resources\models\corridor_open.obj = ..\resources\models\corridor_open.obj
		..\resources\models\corridor_roof.mtl = ..\resources\models\corridor_roof.mtl
		..\resources\models\corridor_roof.obj = ..\resources\models\corridor_roof.obj
		..\resources\models\corridor_split.mtl = ..\resources\models\corridor_split.mtl
		..\resources\models\corridor_split.obj = ..\resources\models\corridor_split.obj
		..\resources\models\corridor_wall.mtl = ..\resources\models\corridor_wall.mtl
		..\resources\models\corridor_wall.obj = ..\resources\models\corridor_wall.obj
		..\resources\models\corridor_wallCorner.mtl = ..\resources\models\corridor_wallCorner.mtl
		..\resources\models\corridor_wallCorner.obj = ..\resources\models\corridor_wallCorner.obj
		..\resources\models\corridor_window.mtl = ..\resources\models\corridor_window.mtl
		..\resources\models\corridor_window.obj = ..\resources\models\corridor_window.obj
		..\resources\models\corridor_windowClosed.mtl = ..\resources\models\corridor_windowClosed.mtl
		..\resources\models\corridor_windowClosed.obj = ..\resources\models\corridor_windowClosed.obj
		..\resources\models\cover-bar.mtl = ..\resources\models\cover-bar.mtl
		..\resources\models\cover-bar.obj = ..\resources\models\cover-bar.obj
		..\resources\models\cover-corner.mtl = ..\resources\models\cover-corner.mtl
		..\resources\models\cover-corner.obj = ..\resources\models\cover-corner.obj
		..\resources\models\cover-hopper.mtl = ..\resources\models\cover-hopper.mtl
		..\resources\models\cover-hopper.obj = ..\resources\models\cover-hopper.obj
		..\resources\models\cover-stripe-bar.mtl = ..\resources\models\cover-stripe-bar.mtl
		..\resources\models\cover-stripe-bar.obj = ..\resources\models\cover-stripe-bar.obj
		..\resources\models\cover-stripe-corner.mtl = ..\resources\models\cover-stripe-corner.mtl
		..\resources\models\cover-stripe-corner.obj = ..\resources\models\cover-stripe-corner.obj
		..\resources\models\cover-stripe-hopper.mtl = ..\resources\models\cover-stripe-hopper.mtl
		..\resources\models\cover-stripe-hopper.obj = ..\resources\models\cover-stripe-hopper.obj
		..\resources\models\cover-stripe-top.mtl = ..\resources\models\cover-stripe-top.mtl
		..\resources\models\cover-stripe-top.obj = ..\resources\models\cover-stripe-top.obj
		..\resources\models\cover-stripe-window.mtl = ..\resources\models\cover-stripe-window.mtl
		..\resources\models\cover-stripe-window.obj = ..\resources\models\cover-stripe-window.obj
		..\resources\models\cover-stripe.mtl = ..\resources\models\cover-stripe.mtl
		..\resources\models\cover-stripe.obj = ..\resources\models\cover-stripe.obj
		..\resources\models\cover-top.mtl = ..\resources\models\cover-top.mtl
		..\resources\models\cover-top.obj = ..\resources\models\cover-top.obj
		..\resources\models\cover-window.mtl = ..\resources\models\cover-window.mtl
		..\resources\models\cover-window.obj = ..\resources\models\cover-window.obj
		..\resources\models\cover.mtl = ..\resources\models\cover.mtl
		..\resources\models\cover.obj = ..\resources\models\cover.obj
		..\resources\models\craft_cargoA.mtl = ..\resources\models\craft_cargoA.mtl
		..\resources\models\craft_cargoA.obj = ..\resources\models\craft_cargoA.obj
		..\resources\models\craft_cargoB.mtl = ..\resources\models\craft_cargoB.mtl
		..\resources\models\craft_cargoB.obj = ..\resources\models\craft_cargoB.obj
		..\resources\models\craft_miner.mtl = ..\resources\models\craft_miner.mtl
		..\resources\models\craft_miner.obj = ..\resources\models\craft_miner.obj
		..\resources\models\craft_racer.mtl = ..\resources\models\craft_racer.mtl
		..\resources\models\craft_racer.obj = ..\resources\models\craft_racer.obj
		..\resources\models\craft_speederA.mtl = ..\resources\models\craft_speederA.mtl
		..\resources\models\craft_speederA.obj = ..\resources\models\craft_speederA.obj
		..\resources\models\craft_speederB.mtl = ..\resources\models\craft_speederB.mtl
		..\resources\models\craft_speederB.obj = ..\resources\models\craft_speederB.obj
		..\resources\models\craft_speederC.mtl = ..\resources\models\craft_speederC.mtl
		..\resources\models\craft_speederC.obj = ..\resources\models\craft_speederC.obj
		..\resources\models\craft_speederD.mtl = ..\resources\models\craft_speederD.mtl
		..\resources\models\craft_speederD.obj = ..\resources\models\craft_speederD.obj
		..\resources\models\crater.mtl = ..\resources\models\crater.mtl
		..\resources\models\crater.obj = ..\resources\models\crater.obj
		..\resources\models\craterLarge.mtl = ..\resources\models\craterLarge.mtl
		..\resources\models\craterLarge.obj = ..\resources\models\craterLarge.obj
		..\resources\models\desk_chair.mtl = ..\resources\models\desk_chair.mtl
		..\resources\models\desk_chair.obj = ..\resources\models\desk_chair.obj
		..\resources\models\desk_chairArms.mtl = ..\resources\models\desk_chairArms.mtl
		..\resources\models\desk_chairArms.obj = ..\resources\models\desk_chairArms.obj
		..\resources\models\desk_chairStool.mtl = ..\resources\models\desk_chairStool.mtl
		..\resources\models\desk_chairStool.obj = ..\resources\models\desk_chairStool.obj
		..\resources\models\desk_computer.mtl = ..\resources\models\desk_computer.mtl
		..\resources\models\desk_computer.obj = ..\resources\models\desk_computer.obj
		..\resources\models\desk_computerCorner.mtl = ..\resources\models\desk_computerCorner.mtl
		..\resources\models\desk_computerCorner.obj = ..\resources\models\desk_computerCorner.obj
		..\resources\models\desk_computerScreen.mtl = ..\resources\models\desk_computerScreen.mtl
		..\resources\models\desk_computerScreen.obj = ..\resources\models\desk_computerScreen.obj
		..\resources\models\door-wide-closed.mtl = ..\resources\models\door-wide-closed.mtl
		..\resources\models\door-wide-closed.obj = ..\resources\models\door-wide-closed.obj
		..\resources\models\door-wide-half.mtl = ..\resources\models\door-wide-half.mtl
		..\resources\models\door-wide-half.obj = ..\resources\models\door-wide-half.obj
		..\resources\models\door-wide-open.mtl = ..\resources\models\door-wide-open.mtl
		..\resources\models\door-wide-open.obj = ..\resources\models\door-wide-open.obj
		..\resources\models\door.mtl = ..\resources\models\door.mtl
		..\resources\models\door.obj = ..\resources\models\door.obj
		..\resources\models\floor-large.mtl = ..\resources\models\floor-large.mtl
		..\resources\models\floor-large.obj = ..\resources\models\floor-large.obj
		..\resources\models\floor.mtl = ..\resources\models\floor.mtl
		..\resources\models\floor.obj = ..\resources\models\floor.obj
		..\resources\models\gate_complex.mtl = ..\resources\models\gate_complex.mtl
		..\resources\models\gate_complex.obj = ..\resources\models\gate_complex.obj
		..\resources\models\gate_simple.mtl = ..\resources\models\gate_simple.mtl
		..\resources\models\gate_simple.obj = ..\resources\models\gate_simple.obj
		..\resources\models\hangar_largeA.mtl = ..\resources\models\hangar_largeA.mtl
		..\resources\models\hangar_largeA.obj = ..\resources\models\hangar_largeA.obj
		..\resources\models\hangar_largeB.mtl = ..\resources\models\hangar_largeB.mtl
		..\resources\models\hangar_largeB.obj = ..\resources\models\hangar_largeB.obj
		..\resources\models\hangar_roundA.mtl = ..\resources\models\hangar_roundA.mtl
		..\resources\models\hangar_roundA.obj = ..\resources\models\hangar_roundA.obj
		..\resources\models\hangar_roundB.mtl = ..\resources\models\hangar_roundB.mtl
		..\resources\models\hangar_roundB.obj = ..\resources\models\hangar_roundB.obj
		..\resources\models\hangar_roundGlass.mtl = ..\resources\models\hangar_roundGlass.mtl
		..\resources\models\hangar_roundGlass.obj = ..\resources\models\hangar_roundGlass.obj
		..\resources\models\hangar_smallA.mtl = ..\resources\models\hangar_smallA.mtl
		..\resources\models\hangar_smallA.obj = ..\resources\models\hangar_smallA.obj
		..\resources\models\hangar_smallB.mtl = ..\resources\models\hangar_smallB.mtl
		..\resources\models\hangar_smallB.obj = ..\resources\models\hangar_smallB.obj
		..\resources\models\machine_barrel.mtl = ..\resources\models\machine_barrel.mtl
		..\resources\models\machine_barrel.obj = ..\resources\models\machine_barrel.obj
		..\resources\models\machine_barrelLarge.mtl = ..\resources\models\machine_barrelLarge.mtl
		..\resources\models\machine_barrelLarge.obj = ..\resources\models\machine_barrelLarge.obj
		..\resources\models\machine_generator.mtl = ..\resources\models\machine_generator.mtl
		..\resources\models\machine_generator.obj = ..\resources\models\machine_generator.obj
		..\resources\models\machine_generatorLarge.mtl = ..\resources\models\machine_generatorLarge.mtl
		..\resources\models\machine_generatorLarge.obj = ..\resources\models\machine_generatorLarge.obj
		..\resources\models\machine_wireless.mtl = ..\resources\models\machine_wireless.mtl
		..\resources\models\machine_wireless.obj = ..\resources\models\machine_wireless.obj
		..\resources\models\machine_wirelessCable.mtl = ..\resources\models\machine_wirelessCable.mtl
		..\resources\models\machine_wirelessCable.obj = ..\resources\models\machine_wirelessCable.obj
		..\resources\models\meteor.mtl = ..\resources\models\meteor.mtl
		..\resources\models\meteor.obj = ..\resources\models\meteor.obj
		..\resources\models\meteor_detailed.mtl = ..\resources\models\meteor_detailed.mtl
		..\resources\models\meteor_detailed.obj = ..\resources\models\meteor_detailed.obj
		..\resources\models\meteor_half.mtl = ..\resources\models\meteor_half.mtl
		..\resources\models\meteor_half.obj = ..\resources\models\meteor_half.obj
		..\resources\models\monorail_trackCornerLarge.mtl = ..\resources\models\monorail_trackCornerLarge.mtl
		..\resources\models\monorail_trackCornerLarge.obj = ..\resources\models\monorail_trackCornerLarge.obj
		..\resources\models\monorail_trackCornerSmall.mtl = ..\resources\models\monorail_trackCornerSmall.mtl
		..\resources\models\monorail_trackCornerSmall.obj = ..\resources\models\monorail_trackCornerSmall.obj
		..\resources\models\monorail_trackSlope.mtl = ..\resources\models\monorail_trackSlope.mtl
		..\resources\models\monorail_trackSlope.obj = ..\resources\models\monorail_trackSlope.obj
		..\resources\models\monorail_trackStraight.mtl = ..\resources\models\monorail_trackStraight.mtl
		..\resources\models\monorail_trackStraight.obj = ..\resources\models\monorail_trackStraight.obj
		..\resources\models\monorail_trackSupport.mtl = ..\resources\models\monorail_trackSupport.mtl
		..\resources\models\monorail_trackSupport.obj = ..\resources\models\monorail_trackSupport.obj
		..\resources\models\monorail_trackSupportCorner.mtl = ..\resources\models\monorail_trackSupportCorner.mtl
		..\resources\models\monorail_trackSupportCorner.obj = ..\resources\models\monorail_trackSupportCorner.obj
		..\resources\models\monorail_trainBox.mtl = ..\resources\models\monorail_trainBox.mtl
		..\resources\models\monorail_trainBox.obj = ..\resources\models\monorail_trainBox.obj
		..\resources\models\monorail_trainCargo.mtl = ..\resources\models\monorail_trainCargo.mtl
		..\resources\models\monorail_trainCargo.obj = ..\resources\models\monorail_trainCargo.obj
		..\resources\models\monorail_trainEnd.mtl = ..\resources\models\monorail_trainEnd.mtl
		..\resources\models\monorail_trainEnd.obj = ..\resources\models\monorail_trainEnd.obj
		..\resources\models\monorail_trainFlat.mtl = ..\resources\models\monorail_trainFlat.mtl
		..\resources\models\monorail_trainFlat.obj = ..\resources\models\monorail_trainFlat.obj
		..\resources\models\monorail_trainFront.mtl = ..\resources\models\monorail_trainFront.mtl
		..\resources\models\monorail_trainFront.obj = ..\resources\models\monorail_trainFront.obj
		..\resources\models\monorail_trainPassenger.mtl = ..\resources\models\monorail_trainPassenger.mtl
		..\resources\models\monorail_trainPassenger.obj = ..\resources\models\monorail_trainPassenger.obj
		..\resources\models\pipe_corner.mtl = ..\resources\models\pipe_corner.mtl
		..\resources\models\pipe_corner.obj = ..\resources\models\pipe_corner.obj
		..\resources\models\pipe_cornerDiagonal.mtl = ..\resources\models\pipe_cornerDiagonal.mtl
		..\resources\models\pipe_cornerDiagonal.obj = ..\resources\models\pipe_cornerDiagonal.obj
		..\resources\models\pipe_cornerRound.mtl = ..\resources\models\pipe_cornerRound.mtl
		..\resources\models\pipe_cornerRound.obj = ..\resources\models\pipe_cornerRound.obj
		..\resources\models\pipe_cornerRoundLarge.mtl = ..\resources\models\pipe_cornerRoundLarge.mtl
		..\resources\models\pipe_cornerRoundLarge.obj = ..\resources\models\pipe_cornerRoundLarge.obj
		..\resources\models\pipe_cross.mtl = ..\resources\models\pipe_cross.mtl
		..\resources\models\pipe_cross.obj = ..\resources\models\pipe_cross.obj
		..\resources\models\pipe_end.mtl = ..\resources\models\pipe_end.mtl
		..\resources\models\pipe_end.obj = ..\resources\models\pipe_end.obj
		..\resources\models\pipe_entrance.mtl = ..\resources\models\pipe_entrance.mtl
		..\resources\models\pipe_entrance.obj = ..\resources\models\pipe_entrance.obj
		..\resources\models\pipe_open.mtl = ..\resources\models\pipe_open.mtl
		..\resources\models\pipe_open.obj = ..\resources\models\pipe_open.obj
		..\resources\models\pipe_rampLarge.mtl = ..\resources\models\pipe_rampLarge.mtl
		..\resources\models\pipe_rampLarge.obj = ..\resources\models\pipe_rampLarge.obj
		..\resources\models\pipe_rampSmall.mtl = ..\resources\models\pipe_rampSmall.mtl
		..\resources\models\pipe_rampSmall.obj = ..\resources\models\pipe_rampSmall.obj
		..\resources\models\pipe_ring.mtl = ..\resources\models\pipe_ring.mtl
		..\resources\models\pipe_ring.obj = ..\resources\models\pipe_ring.obj
		..\resources\models\pipe_ringHigh.mtl = ..\resources\models\pipe_ringHigh.mtl
		..\resources\models\pipe_ringHigh.obj = ..\resources\models\pipe_ringHigh.obj
		..\resources\models\pipe_ringHighEnd.mtl = ..\resources\models\pipe_ringHighEnd.mtl
		..\resources\models\pipe_ringHighEnd.obj = ..\resources\models\pipe_ringHighEnd.obj
		..\resources\models\pipe_ringSupport.mtl = ..\resources\models\pipe_ringSupport.mtl
		..\resources\models\pipe_ringSupport.obj = ..\resources\models\pipe_ringSupport.obj
		..\resources\models\pipe_split.mtl = ..\resources\models\pipe_split.mtl
		..\resources\models\pipe_split.obj = ..\resources\models\pipe_split.obj
		..\resources\models\pipe_straight.mtl = ..\resources\models\pipe_straight.mtl
		..\resources\models\pipe_straight.obj = ..\resources\models\pipe_straight.obj
		..\resources\models\pipe_supportHigh.mtl = ..\resources\models\pipe_supportHigh.mtl
		..\resources\models\pipe_supportHigh.obj = ..\resources\models\pipe_supportHigh.obj
		..\resources\models\pipe_supportLow.mtl = ..\resources\models\pipe_supportLow.mtl
		..\resources\models\pipe_supportLow.obj = ..\resources\models\pipe_supportLow.obj
		..\resources\models\platform_center.mtl = ..\resources\models\platform_center.mtl
		..\resources\models\platform_center.obj = ..\resources\models\platform_center.obj
		..\resources\models\platform_corner.mtl = ..\resources\models\platform_corner.mtl
		..\resources\models\platform_corner.obj = ..\resources\models\platform_corner.obj
		..\resources\models\platform_cornerOpen.mtl = ..\resources\models\platform_cornerOpen.mtl
		..\resources\models\platform_cornerOpen.obj = ..\resources\models\platform_cornerOpen.obj
		..\resources\models\platform_cornerRound.mtl = ..\resources\models\platform_cornerRound.mtl
		..\resources\models\platform_cornerRound.obj = ..\resources\models\platform_cornerRound.obj
		..\resources\models\platform_end.mtl = ..\resources\models\platform_end.mtl
		..\resources\models\platform_end.obj = ..\resources\models\platform_end.obj
		..\resources\models\platform_high.mtl = ..\resources\models\platform_high.mtl
		..\resources\models\platform_high.obj = ..\resources\models\platform_high.obj
		..\resources\models\platform_large.mtl = ..\resources\models\platform_large.mtl
		..\resources\models\platform_large.obj = ..\resources\models\platform_large.obj
		..\resources\models\platform_long.mtl = ..\resources\models\platform_long.mtl
		..\resources\models\platform_long.obj = ..\resources\models\platform_long.obj
		..\resources\models\platform_low.mtl = ..\resources\models\platform_low.mtl
		..\resources\models\platform_low.obj = ..\resources\models\platform_low.obj
		..\resources\models\platform_side.mtl = ..\resources\models\platform_side.mtl
		..\resources\models\platform_side.obj = ..\resources\models\platform_side.obj
		..\resources\models\platform_small.mtl = ..\resources\models\platform_small.mtl
		..\resources\models\platform_small.obj = ..\resources\models\platform_small.obj
		..\resources\models\platform_smallDiagonal.mtl = ..\resources\models\platform_smallDiagonal.mtl
		..\resources\models\platform_smallDiagonal.obj = ..\resources\models\platform_smallDiagonal.obj
		..\resources\models\platform_straight.mtl = ..\resources\models\platform_straight.mtl
		..\resources\models\platform_straight.obj = ..\resources\models\platform_straight.obj
		..\resources\models\rail.mtl = ..\resources\models\rail.mtl
		..\resources\models\rail.obj = ..\resources\models\rail.obj
		..\resources\models\rail_corner.mtl = ..\resources\models\rail_corner.mtl
		..\resources\models\rail_corner.obj = ..\resources\models\rail_corner.obj
		..\resources\models\rail_end.mtl = ..\resources\models\rail_end.mtl
		..\resources\models\rail_end.obj = ..\resources\models\rail_end.obj
		..\resources\models\rail_middle.mtl = ..\resources\models\rail_middle.mtl
		..\resources\models\rail_middle.obj = ..\resources\models\rail_middle.obj
		..\resources\models\robot-arm-a.mtl = ..\resources\models\robot-arm-a.mtl
		..\resources\models\robot-arm-a.obj = ..\resources\models\robot-arm-a.obj
		..\resources\models\robot-arm-b.mtl = ..\resources\models\robot-arm-b.mtl
		..\resources\models\robot-arm-b.obj = ..\resources\models\robot-arm-b.obj
		..\resources\models\rock.mtl = ..\resources\models\rock.mtl
		..\resources\models\rock.obj = ..\resources\models\rock.obj
		..\resources\models\rocket_baseA.mtl = ..\resources\models\rocket_baseA.mtl
		..\resources\models\rocket_baseA.obj = ..\resources\models\rocket_baseA.obj
		..\resources\models\rocket_baseB.mtl = ..\resources\models\rocket_baseB.mtl
		..\resources\models\rocket_baseB.obj = ..\resources\models\rocket_baseB.obj
		..\resources\models\rocket_finsA.mtl = ..\resources\models\rocket_finsA.mtl
		..\resources\models\rocket_finsA.obj = ..\resources\models\rocket_finsA.obj
		..\resources\models\rocket_finsB.mtl = ..\resources\models\rocket_finsB.mtl
		..\resources\models\rocket_finsB.obj = ..\resources\models\rocket_finsB.obj
		..\resources\models\rocket_fuelA.mtl = ..\resources\models\rocket_fuelA.mtl
		..\resources\models\rocket_fuelA.obj = ..\resources\models\rocket_fuelA.obj
		..\resources\models\rocket_fuelB.mtl = ..\resources\models\rocket_fuelB.mtl
		..\resources\models\rocket_fuelB.obj = ..\resources\models\rocket_fuelB.obj
		..\resources\models\rocket_sidesA.mtl = ..\resources\models\rocket_sidesA.mtl
		..\resources\models\rocket_sidesA.obj = ..\resources\models\rocket_sidesA.obj
		..\resources\models\rocket_sidesB.mtl = ..\resources\models\rocket_sidesB.mtl
		..\resources\models\rocket_sidesB.obj = ..\resources\models\rocket_sidesB.obj
		..\resources\models\rocket_topA.mtl = ..\resources\models\rocket_topA.mtl
		..\resources\models\rocket_topA.obj = ..\resources\models\rocket_topA.obj
		..\resources\models\rocket_topB.mtl = ..\resources\models\rocket_topB.mtl
		..\resources\models\rocket_topB.obj = ..\resources\models\rocket_topB.obj
		..\resources\models\rocks_smallA.mtl = ..\resources\models\rocks_smallA.mtl
		..\resources\models\rocks_smallA.obj = ..\resources\models\rocks_smallA.obj
		..\resources\models\rocks_smallB.mtl = ..\resources\models\rocks_smallB.mtl
		..\resources\models\rocks_smallB.obj = ..\resources\models\rocks_smallB.obj
		..\resources\models\rock_crystals.mtl = ..\resources\models\rock_crystals.mtl
		..\resources\models\rock_crystals.obj = ..\resources\models\rock_crystals.obj
		..\resources\models\rock_crystalsLargeA.mtl = ..\resources\models\rock_crystalsLargeA.mtl
		..\resources\models\rock_crystalsLargeA.obj = ..\resources\models\rock_crystalsLargeA.obj
		..\resources\models\rock_crystalsLargeB.mtl = ..\resources\models\rock_crystalsLargeB.mtl
		..\resources\models\rock_crystalsLargeB.obj = ..\resources\models\rock_crystalsLargeB.obj
		..\resources\models\rock_largeA.mtl = ..\resources\models\rock_largeA.mtl
		..\resources\models\rock_largeA.obj = ..\resources\models\rock_largeA.obj
		..\resources\models\rock_largeB.mtl = ..\resources\models\rock_largeB.mtl
		..\resources\models\rock_largeB.obj = ..\resources\models\rock_largeB.obj
		..\resources\models\rover.mtl = ..\resources\models\rover.mtl
		..\resources\models\rover.obj = ..\resources\models\rover.obj
		..\resources\models\satelliteDish.mtl = ..\resources\models\satelliteDish.mtl
		..\resources\models\satelliteDish.obj = ..\resources\models\satelliteDish.obj
		..\resources\models\satelliteDish_detailed.mtl = ..\resources\models\satelliteDish_detailed.mtl
		..\resources\models\satelliteDish_detailed.obj = ..\resources\models\satelliteDish_detailed.obj
		..\resources\models\satelliteDish_large.mtl = ..\resources\models\satelliteDish_large.mtl
		..\resources\models\satelliteDish_large.obj = ..\resources\models\satelliteDish_large.obj
		..\resources\models\scanner-high.mtl = ..\resources\models\scanner-high.mtl
		..\resources\models\scanner-high.obj = ..\resources\models\scanner-high.obj
		..\resources\models\scanner-low.mtl = ..\resources\models\scanner-low.mtl
		..\resources\models\scanner-low.obj = ..\resources\models\scanner-low.obj
		..\resources\models\stairs.mtl = ..\resources\models\stairs.mtl
		..\resources\models\stairs.obj = ..\resources\models\stairs.obj
		..\resources\models\stairs_corner.mtl = ..\resources\models\stairs_corner.mtl
		..\resources\models\stairs_corner.obj = ..\resources\models\stairs_corner.obj
		..\resources\models\stairs_short.mtl = ..\resources\models\stairs_short.mtl
		..\resources\models\stairs_short.obj = ..\resources\models\stairs_short.obj
		..\resources\models\structure-corner-inner.mtl = ..\resources\models\structure-corner-inner.mtl
		..\resources\models\structure-corner-inner.obj = ..\resources\models\structure-corner-inner.obj
		..\resources\models\structure-corner-outer.mtl = ..\resources\models\structure-corner-outer.mtl
		..\resources\models\structure-corner-outer.obj = ..\resources\models\structure-corner-outer.obj
		..\resources\models\structure-doorway-wide.mtl = ..\resources\models\structure-doorway-wide.mtl
		..\resources\models\structure-doorway-wide.obj = ..\resources\models\structure-doorway-wide.obj
		..\resources\models\structure-doorway.mtl = ..\resources\models\structure-doorway.mtl
		..\resources\models\structure-doorway.obj = ..\resources\models\structure-doorway.obj
		..\resources\models\structure-high.mtl = ..\resources\models\structure-high.mtl
		..\resources\models\structure-high.obj = ..\resources\models\structure-high.obj
		..\resources\models\structure-medium.mtl = ..\resources\models\structure-medium.mtl
		..\resources\models\structure-medium.obj = ..\resources\models\structure-medium.obj
		..\resources\models\structure-short.mtl = ..\resources\models\structure-short.mtl
		..\resources\models\structure-short.obj = ..\resources\models\structure-short.obj
		..\resources\models\structure-tall.mtl = ..\resources\models\structure-tall.mtl
		..\resources\models\structure-tall.obj = ..\resources\models\structure-tall.obj
		..\resources\models\structure-wall.mtl = ..\resources\models\structure-wall.mtl
		..\resources\models\structure-wall.obj = ..\resources\models\structure-wall.obj
		..\resources\models\structure-window-wide.mtl = ..\resources\models\structure-window-wide.mtl
		..\resources\models\structure-window-wide.obj = ..\resources\models\structure-window-wide.obj
		..\resources\models\structure-window.mtl = ..\resources\models\structure-window.mtl
		..\resources\models\structure-window.obj = ..\resources\models\structure-window.obj
		..\resources\models\structure-yellow-high.mtl = ..\resources\models\structure-yellow-high.mtl
		..\resources\models\structure-yellow-high.obj = ..\resources\models\structure-yellow-high.obj
		..\resources\models\structure-yellow-medium.mtl = ..\resources\models\structure-yellow-medium.mtl
		..\resources\models\structure-yellow-medium.obj = ..\resources\models\structure-yellow-medium.obj
		..\resources\models\structure-yellow-short.mtl = ..\resources\models\structure-yellow-short.mtl
		..\resources\models\structure-yellow-short.obj = ..\resources\models\structure-yellow-short.obj
		..\resources\models\structure-yellow-tall.mtl = ..\resources\models\structure-yellow-tall.mtl
		..\resources\models\structure-yellow-tall.obj = ..\resources\models\structure-yellow-tall.obj
		..\resources\models\structure.mtl = ..\resources\models\structure.mtl
		..\resources\models\structure.obj = ..\resources\models\structure.obj
		..\resources\models\structure_closed.mtl = ..\resources\models\structure_closed.mtl
		..\resources\models\structure_closed.obj = ..\resources\models\structure_closed.obj
		..\resources\models\structure_detailed.mtl = ..\resources\models\structure_detailed.mtl
		..\resources\models\structure_detailed.obj = ..\resources\models\structure_detailed.obj
		..\resources\models\structure_diagonal.mtl = ..\resources\models\structure_diagonal.mtl
		..\resources\models\structure_diagonal.obj = ..\resources\models\structure_diagonal.obj
		..\resources\models\supports_high.mtl = ..\resources\models\supports_high.mtl
		..\resources\models\supports_high.obj = ..\resources\models\supports_high.obj
		..\resources\models\supports_low.mtl = ..\resources\models\supports_low.mtl
		..\resources\models\supports_low.obj = ..\resources\models\supports_low.obj
		..\resources\models\terrain.mtl = ..\resources\models\terrain.mtl
		..\resources\models\terrain.obj = ..\resources\models\terrain.obj
		..\resources\models\terrain_ramp.mtl = ..\resources\models\terrain_ramp.mtl
		..\resources\models\terrain_ramp.obj = ..\resources\models\terrain_ramp.obj
		..\resources\models\terrain_rampLarge.mtl = ..\resources\models\terrain_rampLarge.mtl
		..\resources\models\terrain_rampLarge.obj = ..\resources\models\terrain_rampLarge.obj
		..\resources\models\terrain_rampLarge_detailed.mtl = ..\resources\models\terrain_rampLarge_detailed.mtl
		..\resources\models\terrain_rampLarge_detailed.obj = ..\resources\models\terrain_rampLarge_detailed.obj
		..\resources\models\terrain_roadCorner.mtl = ..\resources\models\terrain_roadCorner.mtl
		..\resources\models\terrain_roadCorner.obj = ..\resources\models\terrain_roadCorner.obj
		..\resources\models\terrain_roadCross.mtl = ..\resources\models\terrain_roadCross.mtl
		..\resources\models\terrain_roadCross.obj = ..\resources\models\terrain_roadCross.obj
		..\resources\models\terrain_roadEnd.mtl = ..\resources\models\terrain_roadEnd.mtl
		..\resources\models\terrain_roadEnd.obj = ..\resources\models\terrain_roadEnd.obj
		..\resources\models\terrain_roadSplit.mtl = ..\resources\models\terrain_roadSplit.mtl
		..\resources\models\terrain_roadSplit.obj = ..\resources\models\terrain_roadSplit.obj
		..\resources\models\terrain_roadStraight.mtl = ..\resources\models\terrain_roadStraight.mtl
		..\resources\models\terrain_roadStraight.obj = ..\resources\models\terrain_roadStraight.obj
		..\resources\models\terrain_side.mtl = ..\resources\models\terrain_side.mtl
		..\resources\models\terrain_side.obj = ..\resources\models\terrain_side.obj
		..\resources\models\terrain_sideCliff.mtl = ..\resources\models\terrain_sideCliff.mtl
		..\resources\models\terrain_sideCliff.obj = ..\resources\models\terrain_sideCliff.obj
		..\resources\models\terrain_sideCorner.mtl = ..\resources\models\terrain_sideCorner.mtl
		..\resources\models\terrain_sideCorner.obj = ..\resources\models\terrain_sideCorner.obj
		..\resources\models\terrain_sideCornerInner.mtl = ..\resources\models\terrain_sideCornerInner.mtl
		..\resources\models\terrain_sideCornerInner.obj = ..\resources\models\terrain_sideCornerInner.obj
		..\resources\models\terrain_sideEnd.mtl = ..\resources\models\terrain_sideEnd.mtl
		..\resources\models\terrain_sideEnd.obj = ..\resources\models\terrain_sideEnd.obj
		..\resources\models\top-large.mtl = ..\resources\models\top-large.mtl
		..\resources\models\top-large.obj = ..\resources\models\top-large.obj
		..\resources\models\top.mtl = ..\resources\models\top.mtl
		..\resources\models\top.obj = ..\resources\models\top.obj
		..\resources\models\turret_double.mtl = ..\resources\models\turret_double.mtl
		..\resources\models\turret_double.obj = ..\resources\models\turret_double.obj
		..\resources\models\turret_single.mtl = ..\resources\models\turret_single.mtl
		..\resources\models\turret_single.obj = ..\resources\models\turret_single.obj
		..\resources\models\weapon_gun.mtl = ..\resources\models\weapon_gun.mtl
		..\resources\models\weapon_gun.obj = ..\resources\models\weapon_gun.obj
		..\resources\models\weapon_rifle.mtl = ..\resources\models\weapon_rifle.mtl
		..\resources\models\weapon_rifle.obj = ..\resources\models\weapon_rifle.obj
	EndProjectSection
EndProject
Project("{2150E333-8FDC-42A3-9474-1A3956D46DE8}") = "Games", "Games", "{AA35D062-EA00-4BF2-BA98-8200DA0719BE}"
EndProject
Global
	GlobalSection(SolutionConfigurationPlatforms) = preSolution
		Debug|Any CPU = Debug|Any CPU
		Release|Any CPU = Release|Any CPU
	EndGlobalSection
	GlobalSection(ProjectConfigurationPlatforms) = postSolution
		{3E893CD2-1AB6-42EA-82B8-CCD8902155CD}.Debug|Any CPU.ActiveCfg = Debug|Any CPU
		{3E893CD2-1AB6-42EA-82B8-CCD8902155CD}.Debug|Any CPU.Build.0 = Debug|Any CPU
		{3E893CD2-1AB6-42EA-82B8-CCD8902155CD}.Release|Any CPU.ActiveCfg = Release|Any CPU
		{3E893CD2-1AB6-42EA-82B8-CCD8902155CD}.Release|Any CPU.Build.0 = Release|Any CPU
		{87B438AA-2223-48EC-BB3C-035A798168F7}.Debug|Any CPU.ActiveCfg = Debug|Any CPU
		{87B438AA-2223-48EC-BB3C-035A798168F7}.Debug|Any CPU.Build.0 = Debug|Any CPU
		{87B438AA-2223-48EC-BB3C-035A798168F7}.Release|Any CPU.ActiveCfg = Release|Any CPU
		{87B438AA-2223-48EC-BB3C-035A798168F7}.Release|Any CPU.Build.0 = Release|Any CPU
		{0B0FE824-BBB0-4DF2-BE40-879C05037C96}.Debug|Any CPU.ActiveCfg = Debug|Any CPU
		{0B0FE824-BBB0-4DF2-BE40-879C05037C96}.Debug|Any CPU.Build.0 = Debug|Any CPU
		{0B0FE824-BBB0-4DF2-BE40-879C05037C96}.Release|Any CPU.ActiveCfg = Release|Any CPU
		{0B0FE824-BBB0-4DF2-BE40-879C05037C96}.Release|Any CPU.Build.0 = Release|Any CPU
		{5D79B5A7-C316-4DAC-8CEF-D2D35EF6DB9D}.Debug|Any CPU.ActiveCfg = Debug|Any CPU
		{5D79B5A7-C316-4DAC-8CEF-D2D35EF6DB9D}.Debug|Any CPU.Build.0 = Debug|Any CPU
		{5D79B5A7-C316-4DAC-8CEF-D2D35EF6DB9D}.Release|Any CPU.ActiveCfg = Release|Any CPU
		{5D79B5A7-C316-4DAC-8CEF-D2D35EF6DB9D}.Release|Any CPU.Build.0 = Release|Any CPU
		{30405FBE-95DA-4160-B78B-719A5ED36B04}.Debug|Any CPU.ActiveCfg = Debug|Any CPU
		{30405FBE-95DA-4160-B78B-719A5ED36B04}.Debug|Any CPU.Build.0 = Debug|Any CPU
		{30405FBE-95DA-4160-B78B-719A5ED36B04}.Release|Any CPU.ActiveCfg = Release|Any CPU
		{30405FBE-95DA-4160-B78B-719A5ED36B04}.Release|Any CPU.Build.0 = Release|Any CPU
		{8411D63F-B74A-4BE7-8101-51647823D788}.Debug|Any CPU.ActiveCfg = Debug|Any CPU
		{8411D63F-B74A-4BE7-8101-51647823D788}.Debug|Any CPU.Build.0 = Debug|Any CPU
		{8411D63F-B74A-4BE7-8101-51647823D788}.Release|Any CPU.ActiveCfg = Release|Any CPU
		{8411D63F-B74A-4BE7-8101-51647823D788}.Release|Any CPU.Build.0 = Release|Any CPU
		{387DF3B3-851C-4A5D-8266-2B572517D3ED}.Debug|Any CPU.ActiveCfg = Debug|Any CPU
		{387DF3B3-851C-4A5D-8266-2B572517D3ED}.Debug|Any CPU.Build.0 = Debug|Any CPU
		{387DF3B3-851C-4A5D-8266-2B572517D3ED}.Release|Any CPU.ActiveCfg = Release|Any CPU
		{387DF3B3-851C-4A5D-8266-2B572517D3ED}.Release|Any CPU.Build.0 = Release|Any CPU
		{32513C90-EF8E-410F-BA31-557CF0084EAF}.Debug|Any CPU.ActiveCfg = Debug|Any CPU
		{32513C90-EF8E-410F-BA31-557CF0084EAF}.Debug|Any CPU.Build.0 = Debug|Any CPU
		{32513C90-EF8E-410F-BA31-557CF0084EAF}.Release|Any CPU.ActiveCfg = Release|Any CPU
		{32513C90-EF8E-410F-BA31-557CF0084EAF}.Release|Any CPU.Build.0 = Release|Any CPU
		{4C673833-AE7C-4BFB-8C8E-AF4AD5372EEF}.Debug|Any CPU.ActiveCfg = Debug|Any CPU
		{4C673833-AE7C-4BFB-8C8E-AF4AD5372EEF}.Debug|Any CPU.Build.0 = Debug|Any CPU
		{4C673833-AE7C-4BFB-8C8E-AF4AD5372EEF}.Release|Any CPU.ActiveCfg = Release|Any CPU
		{4C673833-AE7C-4BFB-8C8E-AF4AD5372EEF}.Release|Any CPU.Build.0 = Release|Any CPU
		{D7EC1DE3-0328-494D-AB26-BC5DC6BA3988}.Debug|Any CPU.ActiveCfg = Debug|Any CPU
		{D7EC1DE3-0328-494D-AB26-BC5DC6BA3988}.Debug|Any CPU.Build.0 = Debug|Any CPU
		{D7EC1DE3-0328-494D-AB26-BC5DC6BA3988}.Release|Any CPU.ActiveCfg = Release|Any CPU
		{D7EC1DE3-0328-494D-AB26-BC5DC6BA3988}.Release|Any CPU.Build.0 = Release|Any CPU
		{9D95DBD6-DE52-4FB0-A50A-51CF97B5BFFF}.Debug|Any CPU.ActiveCfg = Debug|Any CPU
		{9D95DBD6-DE52-4FB0-A50A-51CF97B5BFFF}.Debug|Any CPU.Build.0 = Debug|Any CPU
		{9D95DBD6-DE52-4FB0-A50A-51CF97B5BFFF}.Release|Any CPU.ActiveCfg = Release|Any CPU
		{9D95DBD6-DE52-4FB0-A50A-51CF97B5BFFF}.Release|Any CPU.Build.0 = Release|Any CPU
	EndGlobalSection
	GlobalSection(SolutionProperties) = preSolution
		HideSolutionNode = FALSE
	EndGlobalSection
	GlobalSection(NestedProjects) = preSolution
		{30405FBE-95DA-4160-B78B-719A5ED36B04} = {D9E9299D-DD1F-4D6C-883E-4059BA45BB53}
		{8411D63F-B74A-4BE7-8101-51647823D788} = {D9E9299D-DD1F-4D6C-883E-4059BA45BB53}
		{387DF3B3-851C-4A5D-8266-2B572517D3ED} = {D9E9299D-DD1F-4D6C-883E-4059BA45BB53}
		{32513C90-EF8E-410F-BA31-557CF0084EAF} = {25093815-A02C-44CB-AA9C-71284A409EC7}
		{4C673833-AE7C-4BFB-8C8E-AF4AD5372EEF} = {25093815-A02C-44CB-AA9C-71284A409EC7}
		{04B244B4-C6E3-47B9-8665-318D50EA404D} = {BC5EC3B8-DBCE-4A27-A7FF-92108AA57D16}
		{D7EC1DE3-0328-494D-AB26-BC5DC6BA3988} = {F27AD474-CE9A-4064-A318-DFD155FB18AD}
		{564063F5-BC2C-402A-8CD4-4286492DB0C4} = {BC5EC3B8-DBCE-4A27-A7FF-92108AA57D16}
		{DA20A93A-9F89-4B1B-960B-2F2AEC35BD23} = {BC5EC3B8-DBCE-4A27-A7FF-92108AA57D16}
		{C6C95A41-7BBE-4419-9D5B-E65D3855C263} = {BC5EC3B8-DBCE-4A27-A7FF-92108AA57D16}
		{1E110B8E-8E5C-4023-8841-DE89AA51AF80} = {04B244B4-C6E3-47B9-8665-318D50EA404D}
		{B3CA1C78-61B0-4760-853B-AD9F3AD08E06} = {BC5EC3B8-DBCE-4A27-A7FF-92108AA57D16}
	EndGlobalSection
	GlobalSection(ExtensibilityGlobals) = postSolution
		SolutionGuid = {33F055DA-CF77-4F59-8876-D730AC4C0C58}
	EndGlobalSection
EndGlobal
